
Microsoft Visual Studio Solution File, Format Version 12.00
# Visual Studio Version 16
VisualStudioVersion = 16.0.30114.105
MinimumVisualStudioVersion = 10.0.40219.1
Project("{FAE04EC0-301F-11D3-BF4B-00C04F79EFBC}") = "Domus.Api", "Domus.Api\Domus.Api.csproj", "{5A7FA213-0A19-4EB0-AE70-8DC4C8BC604C}"
EndProject
Project("{FAE04EC0-301F-11D3-BF4B-00C04F79EFBC}") = "Domus.Domain", "Domus.Domain\Domus.Domain.csproj", "{5C2E3D0D-500B-472B-B30E-6E57AB28A875}"
EndProject
Project("{FAE04EC0-301F-11D3-BF4B-00C04F79EFBC}") = "Domus.DAL", "Domus.DAL\Domus.DAL.csproj", "{B2F00309-50A4-48A4-B476-5A4370327D7C}"
EndProject
Project("{FAE04EC0-301F-11D3-BF4B-00C04F79EFBC}") = "Domus.Service", "Domus.Service\Domus.Service.csproj", "{784DF4EE-FB6A-42C5-8479-7241761F3E85}"
EndProject
Project("{FAE04EC0-301F-11D3-BF4B-00C04F79EFBC}") = "Domus.Common", "Domus.Common\Domus.Common.csproj", "{5F12F84C-6EFE-4818-937E-D54EB41AEBF2}"
EndProject
Project("{FAE04EC0-301F-11D3-BF4B-00C04F79EFBC}") = "Domus.UnitTest", "Domus.UnitTest\Domus.UnitTest.csproj", "{5F688BBC-6538-40C1-A2AE-BBE531284450}"
EndProject
Global
	GlobalSection(SolutionConfigurationPlatforms) = preSolution
		Debug|Any CPU = Debug|Any CPU
		Release|Any CPU = Release|Any CPU
	EndGlobalSection
	GlobalSection(SolutionProperties) = preSolution
		HideSolutionNode = FALSE
	EndGlobalSection
	GlobalSection(ProjectConfigurationPlatforms) = postSolution
		{5A7FA213-0A19-4EB0-AE70-8DC4C8BC604C}.Debug|Any CPU.ActiveCfg = Debug|Any CPU
		{5A7FA213-0A19-4EB0-AE70-8DC4C8BC604C}.Debug|Any CPU.Build.0 = Debug|Any CPU
		{5A7FA213-0A19-4EB0-AE70-8DC4C8BC604C}.Release|Any CPU.ActiveCfg = Release|Any CPU
		{5A7FA213-0A19-4EB0-AE70-8DC4C8BC604C}.Release|Any CPU.Build.0 = Release|Any CPU
		{5C2E3D0D-500B-472B-B30E-6E57AB28A875}.Debug|Any CPU.ActiveCfg = Debug|Any CPU
		{5C2E3D0D-500B-472B-B30E-6E57AB28A875}.Debug|Any CPU.Build.0 = Debug|Any CPU
		{5C2E3D0D-500B-472B-B30E-6E57AB28A875}.Release|Any CPU.ActiveCfg = Release|Any CPU
		{5C2E3D0D-500B-472B-B30E-6E57AB28A875}.Release|Any CPU.Build.0 = Release|Any CPU
		{B2F00309-50A4-48A4-B476-5A4370327D7C}.Debug|Any CPU.ActiveCfg = Debug|Any CPU
		{B2F00309-50A4-48A4-B476-5A4370327D7C}.Debug|Any CPU.Build.0 = Debug|Any CPU
		{B2F00309-50A4-48A4-B476-5A4370327D7C}.Release|Any CPU.ActiveCfg = Release|Any CPU
		{B2F00309-50A4-48A4-B476-5A4370327D7C}.Release|Any CPU.Build.0 = Release|Any CPU
		{784DF4EE-FB6A-42C5-8479-7241761F3E85}.Debug|Any CPU.ActiveCfg = Debug|Any CPU
		{784DF4EE-FB6A-42C5-8479-7241761F3E85}.Debug|Any CPU.Build.0 = Debug|Any CPU
		{784DF4EE-FB6A-42C5-8479-7241761F3E85}.Release|Any CPU.ActiveCfg = Release|Any CPU
		{784DF4EE-FB6A-42C5-8479-7241761F3E85}.Release|Any CPU.Build.0 = Release|Any CPU
		{5F12F84C-6EFE-4818-937E-D54EB41AEBF2}.Debug|Any CPU.ActiveCfg = Debug|Any CPU
		{5F12F84C-6EFE-4818-937E-D54EB41AEBF2}.Debug|Any CPU.Build.0 = Debug|Any CPU
		{5F12F84C-6EFE-4818-937E-D54EB41AEBF2}.Release|Any CPU.ActiveCfg = Release|Any CPU
		{5F12F84C-6EFE-4818-937E-D54EB41AEBF2}.Release|Any CPU.Build.0 = Release|Any CPU
		{5F688BBC-6538-40C1-A2AE-BBE531284450}.Debug|Any CPU.ActiveCfg = Debug|Any CPU
		{5F688BBC-6538-40C1-A2AE-BBE531284450}.Debug|Any CPU.Build.0 = Debug|Any CPU
		{5F688BBC-6538-40C1-A2AE-BBE531284450}.Release|Any CPU.ActiveCfg = Release|Any CPU
		{5F688BBC-6538-40C1-A2AE-BBE531284450}.Release|Any CPU.Build.0 = Release|Any CPU
	EndGlobalSection
EndGlobal
